
Microsoft Visual Studio Solution File, Format Version 12.00
# Visual Studio Version 17
VisualStudioVersion = 17.14.36301.6 d17.14
MinimumVisualStudioVersion = 10.0.40219.1
Project("{FAE04EC0-301F-11D3-BF4B-00C04F79EFBC}") = "WebApplication1", "WebApplication1.csproj", "{A302A150-77C2-4757-B3CA-78121FC21282}"
EndProject
Global
	GlobalSection(SolutionConfigurationPlatforms) = preSolution
		Debug|Any CPU = Debug|Any CPU
		Release|Any CPU = Release|Any CPU
	EndGlobalSection
	GlobalSection(ProjectConfigurationPlatforms) = postSolution
		{A302A150-77C2-4757-B3CA-78121FC21282}.Debug|Any CPU.ActiveCfg = Debug|Any CPU
		{A302A150-77C2-4757-B3CA-78121FC21282}.Debug|Any CPU.Build.0 = Debug|Any CPU
		{A302A150-77C2-4757-B3CA-78121FC21282}.Release|Any CPU.ActiveCfg = Release|Any CPU
		{A302A150-77C2-4757-B3CA-78121FC21282}.Release|Any CPU.Build.0 = Release|Any CPU
	EndGlobalSection
	GlobalSection(SolutionProperties) = preSolution
		HideSolutionNode = FALSE
	EndGlobalSection
	GlobalSection(ExtensibilityGlobals) = postSolution
		SolutionGuid = {D478F653-7EEF-4E48-9CF0-A79F2309E96A}
	EndGlobalSection
EndGlobal
